
Microsoft Visual Studio Solution File, Format Version 12.00
# Visual Studio Version 17
VisualStudioVersion = 17.3.32825.248
MinimumVisualStudioVersion = 10.0.40219.1
Project("{9A19103F-16F7-4668-BE54-9A1E7A4F7556}") = "LunchPlanner", "Calendar\LunchPlanner.csproj", "{F7D3575A-6A14-425F-99C0-E86AE249ED8B}"
EndProject
Global
	GlobalSection(SolutionConfigurationPlatforms) = preSolution
		Debug|Any CPU = Debug|Any CPU
		Release|Any CPU = Release|Any CPU
	EndGlobalSection
	GlobalSection(ProjectConfigurationPlatforms) = postSolution
		{F7D3575A-6A14-425F-99C0-E86AE249ED8B}.Debug|Any CPU.ActiveCfg = Debug|Any CPU
		{F7D3575A-6A14-425F-99C0-E86AE249ED8B}.Debug|Any CPU.Build.0 = Debug|Any CPU
		{F7D3575A-6A14-425F-99C0-E86AE249ED8B}.Release|Any CPU.ActiveCfg = Release|Any CPU
		{F7D3575A-6A14-425F-99C0-E86AE249ED8B}.Release|Any CPU.Build.0 = Release|Any CPU
	EndGlobalSection
	GlobalSection(SolutionProperties) = preSolution
		HideSolutionNode = FALSE
	EndGlobalSection
	GlobalSection(ExtensibilityGlobals) = postSolution
		SolutionGuid = {2F7BEB9B-2E95-42C8-8662-03E7AB3BF444}
	EndGlobalSection
EndGlobal
